PODS:
  - MetalPetal (1.25.2):
    - MetalPetal/Core (= 1.25.2)
  - MetalPetal/Core (1.25.2)
  - MetalPetal/Swift (1.25.2):
    - MetalPetal/Core
  - MTTransitions-Enhanced (1.0.0):
    - MetalPetal
    - MetalPetal/Swift

DEPENDENCIES:
  - MTTransitions-Enhanced (from `.`)

SPEC REPOS:
  trunk:
    - MetalPetal

EXTERNAL SOURCES:
  MTTransitions-Enhanced:
    :path: "."

SPEC CHECKSUMS:
  MetalPetal: 001513fa0b0f6d4f147aa2651d40c594f2eacb01
  MTTransitions-Enhanced: 91983a001c90404c65d49ce5a14fa9c6229fbdf9

PODFILE CHECKSUM: a7c7949e1be3109abe5835e1d2474ce493d820fc

COCOAPODS: 1.16.2
